
Microsoft Visual Studio Solution File, Format Version 12.00
# Visual Studio Version 17
VisualStudioVersion = 17.0.32126.317
MinimumVisualStudioVersion = 10.0.40219.1
Project("{FAE04EC0-301F-11D3-BF4B-00C04F79EFBC}") = "TwilioPOC", "TwilioPOC.csproj", "{861D15B2-2F43-4908-8A14-D2CFC5C37D3A}"
EndProject
Global
	GlobalSection(SolutionConfigurationPlatforms) = preSolution
		Debug|Any CPU = Debug|Any CPU
		Release|Any CPU = Release|Any CPU
	EndGlobalSection
	GlobalSection(ProjectConfigurationPlatforms) = postSolution
		{861D15B2-2F43-4908-8A14-D2CFC5C37D3A}.Debug|Any CPU.ActiveCfg = Debug|Any CPU
		{861D15B2-2F43-4908-8A14-D2CFC5C37D3A}.Debug|Any CPU.Build.0 = Debug|Any CPU
		{861D15B2-2F43-4908-8A14-D2CFC5C37D3A}.Release|Any CPU.ActiveCfg = Release|Any CPU
		{861D15B2-2F43-4908-8A14-D2CFC5C37D3A}.Release|Any CPU.Build.0 = Release|Any CPU
	EndGlobalSection
	GlobalSection(SolutionProperties) = preSolution
		HideSolutionNode = FALSE
	EndGlobalSection
	GlobalSection(ExtensibilityGlobals) = postSolution
		SolutionGuid = {BF63427F-B462-493C-98BF-F5948562863A}
	EndGlobalSection
EndGlobal
